
Microsoft Visual Studio Solution File, Format Version 12.00
# Visual Studio Version 16
VisualStudioVersion = 16.0.29424.173
MinimumVisualStudioVersion = 10.0.40219.1
Project("{FAE04EC0-301F-11D3-BF4B-00C04F79EFBC}") = "trojan-win-starter", "trojan-win-starter.csproj", "{40F530D2-8B30-4452-95C4-FD7918E17BE9}"
EndProject
Global
	GlobalSection(SolutionConfigurationPlatforms) = preSolution
		Debug|Any CPU = Debug|Any CPU
		Release|Any CPU = Release|Any CPU
	EndGlobalSection
	GlobalSection(ProjectConfigurationPlatforms) = postSolution
		{40F530D2-8B30-4452-95C4-FD7918E17BE9}.Debug|Any CPU.ActiveCfg = Debug|Any CPU
		{40F530D2-8B30-4452-95C4-FD7918E17BE9}.Debug|Any CPU.Build.0 = Debug|Any CPU
		{40F530D2-8B30-4452-95C4-FD7918E17BE9}.Release|Any CPU.ActiveCfg = Release|Any CPU
		{40F530D2-8B30-4452-95C4-FD7918E17BE9}.Release|Any CPU.Build.0 = Release|Any CPU
	EndGlobalSection
	GlobalSection(SolutionProperties) = preSolution
		HideSolutionNode = FALSE
	EndGlobalSection
	GlobalSection(ExtensibilityGlobals) = postSolution
		SolutionGuid = {C249E422-6309-4EFE-A0CB-821BF0BDB9F9}
	EndGlobalSection
EndGlobal
